
Microsoft Visual Studio Solution File, Format Version 12.00
# Visual Studio Version 17
VisualStudioVersion = 17.6.33815.320
MinimumVisualStudioVersion = 10.0.40219.1
Project("{9A19103F-16F7-4668-BE54-9A1E7A4F7556}") = "ProjektAPI", "ProjektAPI\ProjektAPI.csproj", "{DB56CC0E-47CD-47F9-93B3-6412245FF065}"
EndProject
Project("{FAE04EC0-301F-11D3-BF4B-00C04F79EFBC}") = "ProjektAPIAdmin", "ProjektAPIAdmin\ProjektAPIAdmin.csproj", "{8FCBE36C-26D6-4B19-8431-319BCF6E3D86}"
EndProject
Global
	GlobalSection(SolutionConfigurationPlatforms) = preSolution
		Debug|Any CPU = Debug|Any CPU
		Release|Any CPU = Release|Any CPU
	EndGlobalSection
	GlobalSection(ProjectConfigurationPlatforms) = postSolution
		{DB56CC0E-47CD-47F9-93B3-6412245FF065}.Debug|Any CPU.ActiveCfg = Debug|Any CPU
		{DB56CC0E-47CD-47F9-93B3-6412245FF065}.Debug|Any CPU.Build.0 = Debug|Any CPU
		{DB56CC0E-47CD-47F9-93B3-6412245FF065}.Release|Any CPU.ActiveCfg = Release|Any CPU
		{DB56CC0E-47CD-47F9-93B3-6412245FF065}.Release|Any CPU.Build.0 = Release|Any CPU
		{8FCBE36C-26D6-4B19-8431-319BCF6E3D86}.Debug|Any CPU.ActiveCfg = Debug|Any CPU
		{8FCBE36C-26D6-4B19-8431-319BCF6E3D86}.Debug|Any CPU.Build.0 = Debug|Any CPU
		{8FCBE36C-26D6-4B19-8431-319BCF6E3D86}.Release|Any CPU.ActiveCfg = Release|Any CPU
		{8FCBE36C-26D6-4B19-8431-319BCF6E3D86}.Release|Any CPU.Build.0 = Release|Any CPU
	EndGlobalSection
	GlobalSection(SolutionProperties) = preSolution
		HideSolutionNode = FALSE
	EndGlobalSection
	GlobalSection(ExtensibilityGlobals) = postSolution
		SolutionGuid = {F3ED4CF8-21B3-4BCE-B031-8E7D6093FD00}
	EndGlobalSection
EndGlobal
